// !$*UTF8*$!
{
	archiveVersion = 1;
	classes = {
	};
	objectVersion = 50;
	objects = {

/* Begin PBXBuildFile section */
		5089CEF520A8DD9E00DF1621 /* AppDelegate.swift in Sources */ = {isa = PBXBuildFile; fileRef = 5089CEF420A8DD9E00DF1621 /* AppDelegate.swift */; };
		5089CEF720A8DD9E00DF1621 /* ViewController.swift in Sources */ = {isa = PBXBuildFile; fileRef = 5089CEF620A8DD9E00DF1621 /* ViewController.swift */; };
		5089CEFA20A8DD9E00DF1621 /* Main.storyboard in Resources */ = {isa = PBXBuildFile; fileRef = 5089CEF820A8DD9E00DF1621 /* Main.storyboard */; };
		5089CEFC20A8DD9F00DF1621 /* Assets.xcassets in Resources */ = {isa = PBXBuildFile; fileRef = 5089CEFB20A8DD9F00DF1621 /* Assets.xcassets */; };
		5089CEFF20A8DD9F00DF1621 /* LaunchScreen.storyboard in Resources */ = {isa = PBXBuildFile; fileRef = 5089CEFD20A8DD9F00DF1621 /* LaunchScreen.storyboard */; };
/* End PBXBuildFile section */

/* Begin PBXFileReference section */
		5089CEF120A8DD9E00DF1621 /* UserDefaults-iOSApp.app */ = {isa = PBXFileReference; explicitFileType = wrapper.application; includeInIndex = 0; path = "UserDefaults-iOSApp.app"; sourceTree = BUILT_PRODUCTS_DIR; };
		5089CEF420A8DD9E00DF1621 /* AppDelegate.swift */ = {isa = PBXFileReference; lastKnownFileType = sourcecode.swift; path = AppDelegate.swift; sourceTree = "<group>"; };
		5089CEF620A8DD9E00DF1621 /* ViewController.swift */ = {isa = PBXFileReference; lastKnownFileType = sourcecode.swift; path = ViewController.swift; sourceTree = "<group>"; };
		5089CEF920A8DD9E00DF1621 /* Base */ = {isa = PBXFileReference; lastKnownFileType = file.storyboard; name = Base; path = Base.lproj/Main.storyboard; sourceTree = "<group>"; };
		5089CEFB20A8DD9F00DF1621 /* Assets.xcassets */ = {isa = PBXFileReference; lastKnownFileType = folder.assetcatalog; path = Assets.xcassets; sourceTree = "<group>"; };
		5089CEFE20A8DD9F00DF1621 /* Base */ = {isa = PBXFileReference; lastKnownFileType = file.storyboard; name = Base; path = Base.lproj/LaunchScreen.storyboard; sourceTree = "<group>"; };
		5089CF0020A8DDA000DF1621 /* Info.plist */ = {isa = PBXFileReference; lastKnownFileType = text.plist.xml; path = Info.plist; sourceTree = "<group>"; };
/* End PBXFileReference section */

/* Begin PBXFrameworksBuildPhase section */
		5089CEEE20A8DD9E00DF1621 /* Frameworks */ = {
			isa = PBXFrameworksBuildPhase;
			buildActionMask = 2147483647;
			files = (
			);
			runOnlyForDeploymentPostprocessing = 0;
		};
/* End PBXFrameworksBuildPhase section */

/* Begin PBXGroup section */
		5089CEE820A8DD9E00DF1621 = {
			isa = PBXGroup;
			children = (
				5089CEF320A8DD9E00DF1621 /* UserDefaults-iOSApp */,
				5089CEF220A8DD9E00DF1621 /* Products */,
			);
			sourceTree = "<group>";
		};
		5089CEF220A8DD9E00DF1621 /* Products */ = {
			isa = PBXGroup;
			children = (
				5089CEF120A8DD9E00DF1621 /* UserDefaults-iOSApp.app */,
			);
			name = Products;
			sourceTree = "<group>";
		};
		5089CEF320A8DD9E00DF1621 /* UserDefaults-iOSApp */ = {
			isa = PBXGroup;
			children = (
				5089CEF420A8DD9E00DF1621 /* AppDelegate.swift */,
				5089CEF620A8DD9E00DF1621 /* ViewController.swift */,
				5089CEF820A8DD9E00DF1621 /* Main.storyboard */,
				5089CEFB20A8DD9F00DF1621 /* Assets.xcassets */,
				5089CEFD20A8DD9F00DF1621 /* LaunchScreen.storyboard */,
				5089CF0020A8DDA000DF1621 /* Info.plist */,
			);
			path = "UserDefaults-iOSApp";
			sourceTree = "<group>";
		};
/* End PBXGroup section */

/* Begin PBXNativeTarget section */
		5089CEF020A8DD9E00DF1621 /* UserDefaults-iOSApp */ = {
			isa = PBXNativeTarget;
			buildConfigurationList = 5089CF0320A8DDA000DF1621 /* Build configuration list for PBXNativeTarget "UserDefaults-iOSApp" */;
			buildPhases = (
				5089CEED20A8DD9E00DF1621 /* Sources */,
				5089CEEE20A8DD9E00DF1621 /* Frameworks */,
				5089CEEF20A8DD9E00DF1621 /* Resources */,
			);
			buildRules = (
			);
			dependencies = (
			);
			name = "UserDefaults-iOSApp";
			productName = "UserDefaults-iOSApp";
			productReference = 5089CEF120A8DD9E00DF1621 /* UserDefaults-iOSApp.app */;
			productType = "com.apple.product-type.application";
		};
/* End PBXNativeTarget section */

/* Begin PBXProject section */
		5089CEE920A8DD9E00DF1621 /* Project object */ = {
			isa = PBXProject;
			attributes = {
				LastSwiftUpdateCheck = 0930;
				LastUpgradeCheck = 0930;
				ORGANIZATIONNAME = "Max Alva";
				TargetAttributes = {
					5089CEF020A8DD9E00DF1621 = {
						CreatedOnToolsVersion = 9.3.1;
					};
				};
			};
			buildConfigurationList = 5089CEEC20A8DD9E00DF1621 /* Build configuration list for PBXProject "UserDefaults-iOSApp" */;
			compatibilityVersion = "Xcode 9.3";
			developmentRegion = en;
			hasScannedForEncodings = 0;
			knownRegions = (
				en,
				Base,
			);
			mainGroup = 5089CEE820A8DD9E00DF1621;
			productRefGroup = 5089CEF220A8DD9E00DF1621 /* Products */;
			projectDirPath = "";
			projectRoot = "";
			targets = (
				5089CEF020A8DD9E00DF1621 /* UserDefaults-iOSApp */,
			);
		};
/* End PBXProject section */

/* Begin PBXResourcesBuildPhase section */
		5089CEEF20A8DD9E00DF1621 /* Resources */ = {
			isa = PBXResourcesBuildPhase;
			buildActionMask = 2147483647;
			files = (
				5089CEFF20A8DD9F00DF1621 /* LaunchScreen.storyboard in Resources */,
				5089CEFC20A8DD9F00DF1621 /* Assets.xcassets in Resources */,
				5089CEFA20A8DD9E00DF1621 /* Main.storyboard in Resources */,
			);
			runOnlyForDeploymentPostprocessing = 0;
		};
/* End PBXResourcesBuildPhase section */

/* Begin PBXSourcesBuildPhase section */
		5089CEED20A8DD9E00DF1621 /* Sources */ = {
			isa = PBXSourcesBuildPhase;
			buildActionMask = 2147483647;
			files = (
				5089CEF720A8DD9E00DF1621 /* ViewController.swift in Sources */,
				5089CEF520A8DD9E00DF1621 /* AppDelegate.swift in Sources */,
			);
			runOnlyForDeploymentPostprocessing = 0;
		};
/* End PBXSourcesBuildPhase section */

/* Begin PBXVariantGroup section */
		5089CEF820A8DD9E00DF1621 /* Main.storyboard */ = {
			isa = PBXVariantGroup;
			children = (
				5089CEF920A8DD9E00DF1621 /* Base */,
			);
			name = Main.storyboard;
			sourceTree = "<group>";
		};
		5089CEFD20A8DD9F00DF1621 /* LaunchScreen.storyboard */ = {
			isa = PBXVariantGroup;
			children = (
				5089CEFE20A8DD9F00DF1621 /* Base */,
			);
			name = LaunchScreen.storyboard;
			sourceTree = "<group>";
		};
/* End PBXVariantGroup section */

/* Begin XCBuildConfiguration section */
		5089CF0120A8DDA000DF1621 /* Debug */ = {
			isa = XCBuildConfiguration;
			buildSettings = {
				ALWAYS_SEARCH_USER_PATHS = NO;
				CLANG_ANALYZER_NONNULL = YES;
				CLANG_ANALYZER_NUMBER_OBJECT_CONVERSION = YES_AGGRESSIVE;
				CLANG_CXX_LANGUAGE_STANDARD = "gnu++14";
				CLANG_CXX_LIBRARY = "libc++";
				CLANG_ENABLE_MODULES = YES;
				CLANG_ENABLE_OBJC_ARC = YES;
				CLANG_ENABLE_OBJC_WEAK = YES;
				CLANG_WARN_BLOCK_CAPTURE_AUTORELEASING = YES;
				CLANG_WARN_BOOL_CONVERSION = YES;
				CLANG_WARN_COMMA = YES;
				CLANG_WARN_CONSTANT_CONVERSION = YES;
				CLANG_WARN_DEPRECATED_OBJC_IMPLEMENTATIONS = YES;
				CLANG_WARN_DIRECT_OBJC_ISA_USAGE = YES_ERROR;
				CLANG_WARN_DOCUMENTATION_COMMENTS = YES;
				CLANG_WARN_EMPTY_BODY = YES;
				CLANG_WARN_ENUM_CONVERSION = YES;
				CLANG_WARN_INFINITE_RECURSION = YES;
				CLANG_WARN_INT_CONVERSION = YES;
				CLANG_WARN_NON_LITERAL_NULL_CONVERSION = YES;
				CLANG_WARN_OBJC_IMPLICIT_RETAIN_SELF = YES;
				CLANG_WARN_OBJC_LITERAL_CONVERSION = YES;
				CLANG_WARN_OBJC_ROOT_CLASS = YES_ERROR;
				CLANG_WARN_RANGE_LOOP_ANALYSIS = YES;
				CLANG_WARN_STRICT_PROTOTYPES = YES;
				CLANG_WARN_SUSPICIOUS_MOVE = YES;
				CLANG_WARN_UNGUARDED_AVAILABILITY = YES_AGGRESSIVE;
				CLANG_WARN_UNREACHABLE_CODE = YES;
				CLANG_WARN__DUPLICATE_METHOD_MATCH = YES;
				CODE_SIGN_IDENTITY = "iPhone Developer";
				COPY_PHASE_STRIP = NO;
				DEBUG_INFORMATION_FORMAT = dwarf;
				ENABLE_STRICT_OBJC_MSGSEND = YES;
				ENABLE_TESTABILITY = YES;
				GCC_C_LANGUAGE_STANDARD = gnu11;
				GCC_DYNAMIC_NO_PIC = NO;
				GCC_NO_COMMON_BLOCKS = YES;
				GCC_OPTIMIZATION_LEVEL = 0;
				GCC_PREPROCESSOR_DEFINITIONS = (
					"DEBUG=1",
					"$(inherited)",
				);
				GCC_WARN_64_TO_32_BIT_CONVERSION = YES;
				GCC_WARN_ABOUT_RETURN_TYPE = YES_ERROR;
				GCC_WARN_UNDECLARED_SELECTOR = YES;
				GCC_WARN_UNINITIALIZED_AUTOS = YES_AGGRESSIVE;
				GCC_WARN_UNUSED_FUNCTION = YES;
				GCC_WARN_UNUSED_VARIABLE = YES;
				IPHONEOS_DEPLOYMENT_TARGET = 11.3;
				MTL_ENABLE_DEBUG_INFO = YES;
				ONLY_ACTIVE_ARCH = YES;
				SDKROOT = iphoneos;
				SWIFT_ACTIVE_COMPILATION_CONDITIONS = DEBUG;
				SWIFT_OPTIMIZATION_LEVEL = "-Onone";
			};
			name = Debug;
		};
		5089CF0220A8DDA000DF1621 /* Release */ = {
			isa = XCBuildConfiguration;
			buildSettings = {
				ALWAYS_SEARCH_USER_PATHS = NO;
				CLANG_ANALYZER_NONNULL = YES;
				CLANG_ANALYZER_NUMBER_OBJECT_CONVERSION = YES_AGGRESSIVE;
				CLANG_CXX_LANGUAGE_STANDARD = "gnu++14";
				CLANG_CXX_LIBRARY = "libc++";
				CLANG_ENABLE_MODULES = YES;
				CLANG_ENABLE_OBJC_ARC = YES;
				CLANG_ENABLE_OBJC_WEAK = YES;
				CLANG_WARN_BLOCK_CAPTURE_AUTORELEASING = YES;
				CLANG_WARN_BOOL_CONVERSION = YES;
				CLANG_WARN_COMMA = YES;
				CLANG_WARN_CONSTANT_CONVERSION = YES;
				CLANG_WARN_DEPRECATED_OBJC_IMPLEMENTATIONS = YES;
				CLANG_WARN_DIRECT_OBJC_ISA_USAGE = YES_ERROR;
				CLANG_WARN_DOCUMENTATION_COMMENTS = YES;
				CLANG_WARN_EMPTY_BODY = YES;
				CLANG_WARN_ENUM_CONVERSION = YES;
				CLANG_WARN_INFINITE_RECURSION = YES;
				CLANG_WARN_INT_CONVERSION = YES;
				CLANG_WARN_NON_LITERAL_NULL_CONVERSION = YES;
				CLANG_WARN_OBJC_IMPLICIT_RETAIN_SELF = YES;
				CLANG_WARN_OBJC_LITERAL_CONVERSION = YES;
				CLANG_WARN_OBJC_ROOT_CLASS = YES_ERROR;
				CLANG_WARN_RANGE_LOOP_ANALYSIS = YES;
				CLANG_WARN_STRICT_PROTOTYPES = YES;
				CLANG_WARN_SUSPICIOUS_MOVE = YES;
				CLANG_WARN_UNGUARDED_AVAILABILITY = YES_AGGRESSIVE;
				CLANG_WARN_UNREACHABLE_CODE = YES;
				CLANG_WARN__DUPLICATE_METHOD_MATCH = YES;
				CODE_SIGN_IDENTITY = "iPhone Developer";
				COPY_PHASE_STRIP = NO;
				DEBUG_INFORMATION_FORMAT = "dwarf-with-dsym";
				ENABLE_NS_ASSERTIONS = NO;
				ENABLE_STRICT_OBJC_MSGSEND = YES;
				GCC_C_LANGUAGE_STANDARD = gnu11;
				GCC_NO_COMMON_BLOCKS = YES;
				GCC_WARN_64_TO_32_BIT_CONVERSION = YES;
				GCC_WARN_ABOUT_RETURN_TYPE = YES_ERROR;
				GCC_WARN_UNDECLARED_SELECTOR = YES;
				GCC_WARN_UNINITIALIZED_AUTOS = YES_AGGRESSIVE;
				GCC_WARN_UNUSED_FUNCTION = YES;
				GCC_WARN_UNUSED_VARIABLE = YES;
				IPHONEOS_DEPLOYMENT_TARGET = 11.3;
				MTL_ENABLE_DEBUG_INFO = NO;
				SDKROOT = iphoneos;
				SWIFT_COMPILATION_MODE = wholemodule;
				SWIFT_OPTIMIZATION_LEVEL = "-O";
				VALIDATE_PRODUCT = YES;
			};
			name = Release;
		};
		5089CF0420A8DDA000DF1621 /* Debug */ = {
			isa = XCBuildConfiguration;
			buildSettings = {
				ASSETCATALOG_COMPILER_APPICON_NAME = AppIcon;
				CODE_SIGN_STYLE = Automatic;
				INFOPLIST_FILE = "UserDefaults-iOSApp/Info.plist";
				LD_RUNPATH_SEARCH_PATHS = (
					"$(inherited)",
					"@executable_path/Frameworks",
				);
				PRODUCT_BUNDLE_IDENTIFIER = "com.maxalva.UserDefaults-iOSApp";
				PRODUCT_NAME = "$(TARGET_NAME)";
				SWIFT_VERSION = 4.0;
				TARGETED_DEVICE_FAMILY = "1,2";
			};
			name = Debug;
		};
		5089CF0520A8DDA000DF1621 /* Release */ = {
			isa = XCBuildConfiguration;
			buildSettings = {
				ASSETCATALOG_COMPILER_APPICON_NAME = AppIcon;
				CODE_SIGN_STYLE = Automatic;
				INFOPLIST_FILE = "UserDefaults-iOSApp/Info.plist";
				LD_RUNPATH_SEARCH_PATHS = (
					"$(inherited)",
					"@executable_path/Frameworks",
				);
				PRODUCT_BUNDLE_IDENTIFIER = "com.maxalva.UserDefaults-iOSApp";
				PRODUCT_NAME = "$(TARGET_NAME)";
				SWIFT_VERSION = 4.0;
				TARGETED_DEVICE_FAMILY = "1,2";
			};
			name = Release;
		};
/* End XCBuildConfiguration section */

/* Begin XCConfigurationList section */
		5089CEEC20A8DD9E00DF1621 /* Build configuration list for PBXProject "UserDefaults-iOSApp" */ = {
			isa = XCConfigurationList;
			buildConfigurations = (
				5089CF0120A8DDA000DF1621 /* Debug */,
				5089CF0220A8DDA000DF1621 /* Release */,
			);
			defaultConfigurationIsVisible = 0;
			defaultConfigurationName = Release;
		};
		5089CF0320A8DDA000DF1621 /* Build configuration list for PBXNativeTarget "UserDefaults-iOSApp" */ = {
			isa = XCConfigurationList;
			buildConfigurations = (
				5089CF0420A8DDA000DF1621 /* Debug */,
				5089CF0520A8DDA000DF1621 /* Release */,
			);
			defaultConfigurationIsVisible = 0;
			defaultConfigurationName = Release;
		};
/* End XCConfigurationList section */
	};
	rootObject = 5089CEE920A8DD9E00DF1621 /* Project object */;
}
